
Microsoft Visual Studio Solution File, Format Version 12.00
# Visual Studio Version 16
VisualStudioVersion = 16.0.30413.136
MinimumVisualStudioVersion = 10.0.40219.1
Project("{FAE04EC0-301F-11D3-BF4B-00C04F79EFBC}") = "Dictionary", "Dictionary\Dictionary.csproj", "{3B04B1F1-8BC8-42B1-84CD-8D442FAD1350}"
EndProject
Global
	GlobalSection(SolutionConfigurationPlatforms) = preSolution
		Debug|Any CPU = Debug|Any CPU
		Release|Any CPU = Release|Any CPU
	EndGlobalSection
	GlobalSection(ProjectConfigurationPlatforms) = postSolution
		{3B04B1F1-8BC8-42B1-84CD-8D442FAD1350}.Debug|Any CPU.ActiveCfg = Debug|Any CPU
		{3B04B1F1-8BC8-42B1-84CD-8D442FAD1350}.Debug|Any CPU.Build.0 = Debug|Any CPU
		{3B04B1F1-8BC8-42B1-84CD-8D442FAD1350}.Release|Any CPU.ActiveCfg = Release|Any CPU
		{3B04B1F1-8BC8-42B1-84CD-8D442FAD1350}.Release|Any CPU.Build.0 = Release|Any CPU
	EndGlobalSection
	GlobalSection(SolutionProperties) = preSolution
		HideSolutionNode = FALSE
	EndGlobalSection
	GlobalSection(ExtensibilityGlobals) = postSolution
		SolutionGuid = {E976DB7B-25E6-4178-A6C3-C73A6CCC2CA2}
	EndGlobalSection
EndGlobal
